
Microsoft Visual Studio Solution File, Format Version 12.00
# Visual Studio 15
VisualStudioVersion = 15.0.28307.168
MinimumVisualStudioVersion = 10.0.40219.1
Project("{FAE04EC0-301F-11D3-BF4B-00C04F79EFBC}") = "KBS2.WijkagentApp.API", "KBS2.WijkagentApp.API\KBS2.WijkagentApp.API.csproj", "{B75CAE35-BE13-4838-8C9F-5E01ED5FD2E6}"
EndProject
Global
	GlobalSection(SolutionConfigurationPlatforms) = preSolution
		Debug|Any CPU = Debug|Any CPU
		Release|Any CPU = Release|Any CPU
	EndGlobalSection
	GlobalSection(ProjectConfigurationPlatforms) = postSolution
		{B75CAE35-BE13-4838-8C9F-5E01ED5FD2E6}.Debug|Any CPU.ActiveCfg = Debug|Any CPU
		{B75CAE35-BE13-4838-8C9F-5E01ED5FD2E6}.Debug|Any CPU.Build.0 = Debug|Any CPU
		{B75CAE35-BE13-4838-8C9F-5E01ED5FD2E6}.Release|Any CPU.ActiveCfg = Release|Any CPU
		{B75CAE35-BE13-4838-8C9F-5E01ED5FD2E6}.Release|Any CPU.Build.0 = Release|Any CPU
	EndGlobalSection
	GlobalSection(SolutionProperties) = preSolution
		HideSolutionNode = FALSE
	EndGlobalSection
	GlobalSection(ExtensibilityGlobals) = postSolution
		SolutionGuid = {AF8937B8-8C01-4122-8ABF-7FB0F2339E5A}
	EndGlobalSection
EndGlobal
